{
  "name": "snapgraph-superpeer",
  "version": "0.1.0",
  "lockfileVersion": 1,
  "requires": true,
  "dependencies": {
    "addressparser": {
      "version": "0.3.2",
      "resolved": "https://registry.npmjs.org/addressparser/-/addressparser-0.3.2.tgz",
      "integrity": "sha1-WYc/Nej89sc2HBAjkmHXbhU0i7I=",
      "optional": true
    },
    "async-limiter": {
      "version": "1.0.0",
      "resolved": "https://registry.npmjs.org/async-limiter/-/async-limiter-1.0.0.tgz",
      "integrity": "sha512-jp/uFnooOiO+L211eZOoSyzpOITMXx1rBITauYykG3BRYPu8h0UcxsPNB04RR5vo4Tyz3+ay17tR6JVf9qzYWg=="
    },
    "emailjs": {
      "version": "2.2.0",
      "resolved": "https://registry.npmjs.org/emailjs/-/emailjs-2.2.0.tgz",
      "integrity": "sha1-ulsj5KSwpFEPZS6HOxVOlAe2ygM=",
      "optional": true,
      "requires": {
        "addressparser": "^0.3.2",
        "emailjs-mime-codec": "^2.0.7"
      }
    },
    "emailjs-base64": {
      "version": "1.1.4",
      "resolved": "https://registry.npmjs.org/emailjs-base64/-/emailjs-base64-1.1.4.tgz",
      "integrity": "sha512-4h0xp1jgVTnIQBHxSJWXWanNnmuc5o+k4aHEpcLXSToN8asjB5qbXAexs7+PEsUKcEyBteNYsSvXUndYT2CGGA==",
      "optional": true
    },
    "emailjs-mime-codec": {
      "version": "2.0.9",
      "resolved": "https://registry.npmjs.org/emailjs-mime-codec/-/emailjs-mime-codec-2.0.9.tgz",
      "integrity": "sha512-7qJo4pFGcKlWh/kCeNjmcgj34YoJWY0ekZXEHYtluWg4MVBnXqGM4CRMtZQkfYwitOhUgaKN5EQktJddi/YIDQ==",
      "optional": true,
      "requires": {
        "emailjs-base64": "^1.1.4",
        "ramda": "^0.26.1",
        "text-encoding": "^0.7.0"
      }
    },
    "gun": {
      "version": "0.2019.726",
      "resolved": "https://registry.npmjs.org/gun/-/gun-0.2019.726.tgz",
      "integrity": "sha512-LVSxhGwaemZbrirSk6fp2KXORLUyjs6bnssjSjl/OhwbfLv7fvMhNfaOZuorzYsehxqMKJvxyNdFq/mZNXpjHQ==",
      "requires": {
        "emailjs": "^2.2.0",
        "node-webcrypto-ossl": "^1.0.47",
        "text-encoding": "^0.7.0",
        "ws": "~>7.1.0"
      }
    },
    "minimist": {
      "version": "0.0.8",
      "resolved": "https://registry.npmjs.org/minimist/-/minimist-0.0.8.tgz",
      "integrity": "sha1-hX/Kv8M5fSYluCKCYuhqp6ARsF0=",
      "optional": true
    },
    "mkdirp": {
      "version": "0.5.1",
      "resolved": "https://registry.npmjs.org/mkdirp/-/mkdirp-0.5.1.tgz",
      "integrity": "sha1-MAV0OOrGz3+MR2fzhkjWaX11yQM=",
      "optional": true,
      "requires": {
        "minimist": "0.0.8"
      }
    },
    "nan": {
      "version": "2.14.0",
      "resolved": "https://registry.npmjs.org/nan/-/nan-2.14.0.tgz",
      "integrity": "sha512-INOFj37C7k3AfaNTtX8RhsTw7qRy7eLET14cROi9+5HAVbbHuIWUHEauBv5qT4Av2tWasiTY1Jw6puUNqRJXQg==",
      "optional": true
    },
    "node-gyp-build": {
      "version": "4.3.0",
      "resolved": "https://registry.npmjs.org/node-gyp-build/-/node-gyp-build-4.3.0.tgz",
      "integrity": "sha512-iWjXZvmboq0ja1pUGULQBexmxq8CV4xBhX7VDOTbL7ZR4FOowwY/VOtRxBN/yKxmdGoIp4j5ysNT4u3S2pDQ3Q=="
    },
    "node-lmdb": {
      "version": "0.9.7",
      "resolved": "https://registry.npmjs.org/node-lmdb/-/node-lmdb-0.9.7.tgz",
      "integrity": "sha512-RyYSB3kTByjp1yCKE474yuoBxi/+8kKvjYFOVuDBVoS31D6JvzjwMgNnQrMwoHSbZ6RwucW7jmF93Cm9ltziJQ==",
      "requires": {
        "nan": "^2.14.1",
        "node-gyp-build": "^4.2.3"
      },
      "dependencies": {
        "nan": {
          "version": "2.15.0",
          "resolved": "https://registry.npmjs.org/nan/-/nan-2.15.0.tgz",
          "integrity": "sha512-8ZtvEnA2c5aYCZYd1cvgdnU6cqwixRoYg70xPLWUws5ORTa/lnw+u4amixRS/Ac5U5mQVgp9pnlSUnbNWFaWZQ=="
        }
      }
    },
    "node-webcrypto-ossl": {
      "version": "1.0.48",
      "resolved": "https://registry.npmjs.org/node-webcrypto-ossl/-/node-webcrypto-ossl-1.0.48.tgz",
      "integrity": "sha512-MWUkQ/5wrs7lpAr+fhsLMfjdxKGd3dQFVqWbNMkyYyCMRW8E7ScailqtCZYDLTnJtU6B+91rXxCJNyZvbYaSOg==",
      "optional": true,
      "requires": {
        "mkdirp": "^0.5.1",
        "nan": "^2.13.2",
        "tslib": "^1.9.3",
        "webcrypto-core": "^0.1.26"
      }
    },
    "ramda": {
      "version": "0.26.1",
      "resolved": "https://registry.npmjs.org/ramda/-/ramda-0.26.1.tgz",
      "integrity": "sha512-hLWjpy7EnsDBb0p+Z3B7rPi3GDeRG5ZtiI33kJhTt+ORCd38AbAIjB/9zRIUoeTbE/AVX5ZkU7m6bznsvrf8eQ==",
      "optional": true
    },
    "snapgraph": {
      "version": "file:../snapgraph"
    },
    "text-encoding": {
      "version": "0.7.0",
      "resolved": "https://registry.npmjs.org/text-encoding/-/text-encoding-0.7.0.tgz",
      "integrity": "sha512-oJQ3f1hrOnbRLOcwKz0Liq2IcrvDeZRHXhd9RgLrsT+DjWY/nty1Hi7v3dtkaEYbPYe0mUoOfzRrMwfXXwgPUA==",
      "optional": true
    },
    "tslib": {
      "version": "1.10.0",
      "resolved": "https://registry.npmjs.org/tslib/-/tslib-1.10.0.tgz",
      "integrity": "sha512-qOebF53frne81cf0S9B41ByenJ3/IuH8yJKngAX35CmiZySA0khhkovshKK+jGCaMnVomla7gVlIcc3EvKPbTQ==",
      "optional": true
    },
    "webcrypto-core": {
      "version": "0.1.26",
      "resolved": "https://registry.npmjs.org/webcrypto-core/-/webcrypto-core-0.1.26.tgz",
      "integrity": "sha512-BZVgJZkkHyuz8loKvsaOKiBDXDpmMZf5xG4QAOlSeYdXlFUl9c1FRrVnAXcOdb4fTHMG+TRu81odJwwSfKnWTA==",
      "optional": true,
      "requires": {
        "tslib": "^1.7.1"
      }
    },
    "ws": {
      "version": "7.1.1",
      "resolved": "https://registry.npmjs.org/ws/-/ws-7.1.1.tgz",
      "integrity": "sha512-o41D/WmDeca0BqYhsr3nJzQyg9NF5X8l/UdnFNux9cS3lwB+swm8qGWX5rn+aD6xfBU3rGmtHij7g7x6LxFU3A==",
      "requires": {
        "async-limiter": "^1.0.0"
      }
    }
  }
}
